// !$*UTF8*$!
{
	archiveVersion = 1;
	classes = {
	};
	objectVersion = 50;
	objects = {

/* Begin PBXBuildFile section */
		03359F8B23AE3F9000C02178 /* DiskDetailsViewController.swift in Sources */ = {isa = PBXBuildFile; fileRef = 03359F8A23AE3F9000C02178 /* DiskDetailsViewController.swift */; };
		03359F8D23AE94B400C02178 /* String+Helper.swift in Sources */ = {isa = PBXBuildFile; fileRef = 03359F8C23AE94B400C02178 /* String+Helper.swift */; };
		03668AEA23B2AF1E0001D822 /* RAMDiskManager.framework in Frameworks */ = {isa = PBXBuildFile; fileRef = 03668AE923B2AF1E0001D822 /* RAMDiskManager.framework */; };
		03668AEB23B2AF1E0001D822 /* RAMDiskManager.framework in Embed Frameworks */ = {isa = PBXBuildFile; fileRef = 03668AE923B2AF1E0001D822 /* RAMDiskManager.framework */; settings = {ATTRIBUTES = (CodeSignOnCopy, RemoveHeadersOnCopy, ); }; };
		03A47EBA23AF79C900D9F9A3 /* Int+Helper.swift in Sources */ = {isa = PBXBuildFile; fileRef = 03A47EB923AF79C900D9F9A3 /* Int+Helper.swift */; };
		03ABBF6123AF643800F51949 /* AppDelegate.swift in Sources */ = {isa = PBXBuildFile; fileRef = 03ABBF6023AF643800F51949 /* AppDelegate.swift */; };
		03ABBF6523AF643A00F51949 /* Assets.xcassets in Resources */ = {isa = PBXBuildFile; fileRef = 03ABBF6423AF643A00F51949 /* Assets.xcassets */; };
		03ABBF6823AF643A00F51949 /* Main.storyboard in Resources */ = {isa = PBXBuildFile; fileRef = 03ABBF6623AF643A00F51949 /* Main.storyboard */; };
		03ABBF6F23AF678D00F51949 /* AutoLaunchHelper.app in CopyFiles */ = {isa = PBXBuildFile; fileRef = 03ABBF5E23AF643800F51949 /* AutoLaunchHelper.app */; settings = {ATTRIBUTES = (RemoveHeadersOnCopy, ); }; };
		03D3A4EE23AA2EEA0073BB86 /* AppDelegate.swift in Sources */ = {isa = PBXBuildFile; fileRef = 03D3A4ED23AA2EEA0073BB86 /* AppDelegate.swift */; };
		03D3A4F223AA2EEB0073BB86 /* Assets.xcassets in Resources */ = {isa = PBXBuildFile; fileRef = 03D3A4F123AA2EEB0073BB86 /* Assets.xcassets */; };
		03D3A4F523AA2EEB0073BB86 /* Main.storyboard in Resources */ = {isa = PBXBuildFile; fileRef = 03D3A4F323AA2EEB0073BB86 /* Main.storyboard */; };
		03D3A4FE23AA30590073BB86 /* NSApp+Helper.swift in Sources */ = {isa = PBXBuildFile; fileRef = 03D3A4FD23AA30590073BB86 /* NSApp+Helper.swift */; };
		03D3A50023AA443A0073BB86 /* StatusMenu.swift in Sources */ = {isa = PBXBuildFile; fileRef = 03D3A4FF23AA443A0073BB86 /* StatusMenu.swift */; };
		03D3A50223AA488E0073BB86 /* CreateNewDiskViewController.swift in Sources */ = {isa = PBXBuildFile; fileRef = 03D3A50123AA488E0073BB86 /* CreateNewDiskViewController.swift */; };
/* End PBXBuildFile section */

/* Begin PBXCopyFilesBuildPhase section */
		03668AEC23B2AF1E0001D822 /* Embed Frameworks */ = {
			isa = PBXCopyFilesBuildPhase;
			buildActionMask = 2147483647;
			dstPath = "";
			dstSubfolderSpec = 10;
			files = (
				03668AEB23B2AF1E0001D822 /* RAMDiskManager.framework in Embed Frameworks */,
			);
			name = "Embed Frameworks";
			runOnlyForDeploymentPostprocessing = 0;
		};
		03ABBF6E23AF676600F51949 /* CopyFiles */ = {
			isa = PBXCopyFilesBuildPhase;
			buildActionMask = 2147483647;
			dstPath = Contents/Library/LoginItems;
			dstSubfolderSpec = 1;
			files = (
				03ABBF6F23AF678D00F51949 /* AutoLaunchHelper.app in CopyFiles */,
			);
			runOnlyForDeploymentPostprocessing = 0;
		};
/* End PBXCopyFilesBuildPhase section */

/* Begin PBXFileReference section */
		03359F8A23AE3F9000C02178 /* DiskDetailsViewController.swift */ = {isa = PBXFileReference; lastKnownFileType = sourcecode.swift; path = DiskDetailsViewController.swift; sourceTree = "<group>"; };
		03359F8C23AE94B400C02178 /* String+Helper.swift */ = {isa = PBXFileReference; lastKnownFileType = sourcecode.swift; path = "String+Helper.swift"; sourceTree = "<group>"; };
		03668AE923B2AF1E0001D822 /* RAMDiskManager.framework */ = {isa = PBXFileReference; explicitFileType = wrapper.framework; path = RAMDiskManager.framework; sourceTree = BUILT_PRODUCTS_DIR; };
		03A47EB823AF78E500D9F9A3 /* AppIcon.sketch */ = {isa = PBXFileReference; lastKnownFileType = file; path = AppIcon.sketch; sourceTree = "<group>"; };
		03A47EB923AF79C900D9F9A3 /* Int+Helper.swift */ = {isa = PBXFileReference; lastKnownFileType = sourcecode.swift; path = "Int+Helper.swift"; sourceTree = "<group>"; };
		03ABBF5E23AF643800F51949 /* AutoLaunchHelper.app */ = {isa = PBXFileReference; explicitFileType = wrapper.application; includeInIndex = 0; path = AutoLaunchHelper.app; sourceTree = BUILT_PRODUCTS_DIR; };
		03ABBF6023AF643800F51949 /* AppDelegate.swift */ = {isa = PBXFileReference; lastKnownFileType = sourcecode.swift; path = AppDelegate.swift; sourceTree = "<group>"; };
		03ABBF6423AF643A00F51949 /* Assets.xcassets */ = {isa = PBXFileReference; lastKnownFileType = folder.assetcatalog; path = Assets.xcassets; sourceTree = "<group>"; };
		03ABBF6723AF643A00F51949 /* Base */ = {isa = PBXFileReference; lastKnownFileType = file.storyboard; name = Base; path = Base.lproj/Main.storyboard; sourceTree = "<group>"; };
		03ABBF6923AF643A00F51949 /* Info.plist */ = {isa = PBXFileReference; lastKnownFileType = text.plist.xml; path = Info.plist; sourceTree = "<group>"; };
		03ABBF6A23AF643A00F51949 /* AutoLaunchHelper.entitlements */ = {isa = PBXFileReference; lastKnownFileType = text.plist.entitlements; path = AutoLaunchHelper.entitlements; sourceTree = "<group>"; };
		03D3A4EA23AA2EEA0073BB86 /* RDisk.app */ = {isa = PBXFileReference; explicitFileType = wrapper.application; includeInIndex = 0; path = RDisk.app; sourceTree = BUILT_PRODUCTS_DIR; };
		03D3A4ED23AA2EEA0073BB86 /* AppDelegate.swift */ = {isa = PBXFileReference; lastKnownFileType = sourcecode.swift; path = AppDelegate.swift; sourceTree = "<group>"; };
		03D3A4F123AA2EEB0073BB86 /* Assets.xcassets */ = {isa = PBXFileReference; lastKnownFileType = folder.assetcatalog; path = Assets.xcassets; sourceTree = "<group>"; };
		03D3A4F423AA2EEB0073BB86 /* Base */ = {isa = PBXFileReference; lastKnownFileType = file.storyboard; name = Base; path = Base.lproj/Main.storyboard; sourceTree = "<group>"; };
		03D3A4F623AA2EEB0073BB86 /* Info.plist */ = {isa = PBXFileReference; lastKnownFileType = text.plist.xml; path = Info.plist; sourceTree = "<group>"; };
		03D3A4F723AA2EEB0073BB86 /* RDisk.entitlements */ = {isa = PBXFileReference; lastKnownFileType = text.plist.entitlements; path = RDisk.entitlements; sourceTree = "<group>"; };
		03D3A4FD23AA30590073BB86 /* NSApp+Helper.swift */ = {isa = PBXFileReference; lastKnownFileType = sourcecode.swift; path = "NSApp+Helper.swift"; sourceTree = "<group>"; };
		03D3A4FF23AA443A0073BB86 /* StatusMenu.swift */ = {isa = PBXFileReference; lastKnownFileType = sourcecode.swift; path = StatusMenu.swift; sourceTree = "<group>"; };
		03D3A50123AA488E0073BB86 /* CreateNewDiskViewController.swift */ = {isa = PBXFileReference; lastKnownFileType = sourcecode.swift; path = CreateNewDiskViewController.swift; sourceTree = "<group>"; };
/* End PBXFileReference section */

/* Begin PBXFrameworksBuildPhase section */
		03ABBF5B23AF643800F51949 /* Frameworks */ = {
			isa = PBXFrameworksBuildPhase;
			buildActionMask = 2147483647;
			files = (
			);
			runOnlyForDeploymentPostprocessing = 0;
		};
		03D3A4E723AA2EEA0073BB86 /* Frameworks */ = {
			isa = PBXFrameworksBuildPhase;
			buildActionMask = 2147483647;
			files = (
				03668AEA23B2AF1E0001D822 /* RAMDiskManager.framework in Frameworks */,
			);
			runOnlyForDeploymentPostprocessing = 0;
		};
/* End PBXFrameworksBuildPhase section */

/* Begin PBXGroup section */
		03359F8923AE3F6B00C02178 /* Disk Details */ = {
			isa = PBXGroup;
			children = (
				03359F8A23AE3F9000C02178 /* DiskDetailsViewController.swift */,
			);
			path = "Disk Details";
			sourceTree = "<group>";
		};
		03668A6C23B158D00001D822 /* Helper Extensions */ = {
			isa = PBXGroup;
			children = (
				03D3A4FD23AA30590073BB86 /* NSApp+Helper.swift */,
				03359F8C23AE94B400C02178 /* String+Helper.swift */,
				03A47EB923AF79C900D9F9A3 /* Int+Helper.swift */,
			);
			path = "Helper Extensions";
			sourceTree = "<group>";
		};
		03668AE823B2AF1E0001D822 /* Frameworks */ = {
			isa = PBXGroup;
			children = (
				03668AE923B2AF1E0001D822 /* RAMDiskManager.framework */,
			);
			name = Frameworks;
			sourceTree = "<group>";
		};
		03668AEF23B2B9590001D822 /* Supporting Files */ = {
			isa = PBXGroup;
			children = (
				03A47EB823AF78E500D9F9A3 /* AppIcon.sketch */,
				03D3A4F123AA2EEB0073BB86 /* Assets.xcassets */,
				03D3A4F623AA2EEB0073BB86 /* Info.plist */,
				03D3A4F723AA2EEB0073BB86 /* RDisk.entitlements */,
			);
			path = "Supporting Files";
			sourceTree = "<group>";
		};
		03ABBF5F23AF643800F51949 /* AutoLaunchHelper */ = {
			isa = PBXGroup;
			children = (
				03ABBF6023AF643800F51949 /* AppDelegate.swift */,
				03ABBF6423AF643A00F51949 /* Assets.xcassets */,
				03ABBF6623AF643A00F51949 /* Main.storyboard */,
				03ABBF6923AF643A00F51949 /* Info.plist */,
				03ABBF6A23AF643A00F51949 /* AutoLaunchHelper.entitlements */,
			);
			path = AutoLaunchHelper;
			sourceTree = "<group>";
		};
		03D3A4E123AA2EEA0073BB86 = {
			isa = PBXGroup;
			children = (
				03D3A4EC23AA2EEA0073BB86 /* RDisk */,
				03ABBF5F23AF643800F51949 /* AutoLaunchHelper */,
				03D3A4EB23AA2EEA0073BB86 /* Products */,
				03668AE823B2AF1E0001D822 /* Frameworks */,
			);
			sourceTree = "<group>";
		};
		03D3A4EB23AA2EEA0073BB86 /* Products */ = {
			isa = PBXGroup;
			children = (
				03D3A4EA23AA2EEA0073BB86 /* RDisk.app */,
				03ABBF5E23AF643800F51949 /* AutoLaunchHelper.app */,
			);
			name = Products;
			sourceTree = "<group>";
		};
		03D3A4EC23AA2EEA0073BB86 /* RDisk */ = {
			isa = PBXGroup;
			children = (
				03D3A4ED23AA2EEA0073BB86 /* AppDelegate.swift */,
				03D3A50323AA489D0073BB86 /* User Interface */,
				03668A6C23B158D00001D822 /* Helper Extensions */,
				03668AEF23B2B9590001D822 /* Supporting Files */,
			);
			path = RDisk;
			sourceTree = "<group>";
		};
		03D3A50323AA489D0073BB86 /* User Interface */ = {
			isa = PBXGroup;
			children = (
				03D3A4F323AA2EEB0073BB86 /* Main.storyboard */,
				03D3A4FF23AA443A0073BB86 /* StatusMenu.swift */,
				03D3A50423AA48AC0073BB86 /* Create New Disk */,
				03359F8923AE3F6B00C02178 /* Disk Details */,
			);
			path = "User Interface";
			sourceTree = "<group>";
		};
		03D3A50423AA48AC0073BB86 /* Create New Disk */ = {
			isa = PBXGroup;
			children = (
				03D3A50123AA488E0073BB86 /* CreateNewDiskViewController.swift */,
			);
			path = "Create New Disk";
			sourceTree = "<group>";
		};
/* End PBXGroup section */

/* Begin PBXNativeTarget section */
		03ABBF5D23AF643800F51949 /* AutoLaunchHelper */ = {
			isa = PBXNativeTarget;
			buildConfigurationList = 03ABBF6B23AF643A00F51949 /* Build configuration list for PBXNativeTarget "AutoLaunchHelper" */;
			buildPhases = (
				03ABBF5A23AF643800F51949 /* Sources */,
				03ABBF5B23AF643800F51949 /* Frameworks */,
				03ABBF5C23AF643800F51949 /* Resources */,
			);
			buildRules = (
			);
			dependencies = (
			);
			name = AutoLaunchHelper;
			productName = AutoLaunchHelper;
			productReference = 03ABBF5E23AF643800F51949 /* AutoLaunchHelper.app */;
			productType = "com.apple.product-type.application";
		};
		03D3A4E923AA2EEA0073BB86 /* RDisk */ = {
			isa = PBXNativeTarget;
			buildConfigurationList = 03D3A4FA23AA2EEB0073BB86 /* Build configuration list for PBXNativeTarget "RDisk" */;
			buildPhases = (
				03D3A4E623AA2EEA0073BB86 /* Sources */,
				03D3A4E723AA2EEA0073BB86 /* Frameworks */,
				03D3A4E823AA2EEA0073BB86 /* Resources */,
				03ABBF6E23AF676600F51949 /* CopyFiles */,
				03668AEC23B2AF1E0001D822 /* Embed Frameworks */,
			);
			buildRules = (
			);
			dependencies = (
			);
			name = RDisk;
			packageProductDependencies = (
			);
			productName = RDisk;
			productReference = 03D3A4EA23AA2EEA0073BB86 /* RDisk.app */;
			productType = "com.apple.product-type.application";
		};
/* End PBXNativeTarget section */

/* Begin PBXProject section */
		03D3A4E223AA2EEA0073BB86 /* Project object */ = {
			isa = PBXProject;
			attributes = {
				LastSwiftUpdateCheck = 1130;
				LastUpgradeCheck = 1130;
				ORGANIZATIONNAME = "Stoyan Stoyanov";
				TargetAttributes = {
					03ABBF5D23AF643800F51949 = {
						CreatedOnToolsVersion = 11.3;
					};
					03D3A4E923AA2EEA0073BB86 = {
						CreatedOnToolsVersion = 11.3;
					};
				};
			};
			buildConfigurationList = 03D3A4E523AA2EEA0073BB86 /* Build configuration list for PBXProject "RDisk" */;
			compatibilityVersion = "Xcode 9.3";
			developmentRegion = en;
			hasScannedForEncodings = 0;
			knownRegions = (
				en,
				Base,
			);
			mainGroup = 03D3A4E123AA2EEA0073BB86;
			packageReferences = (
			);
			productRefGroup = 03D3A4EB23AA2EEA0073BB86 /* Products */;
			projectDirPath = "";
			projectRoot = "";
			targets = (
				03D3A4E923AA2EEA0073BB86 /* RDisk */,
				03ABBF5D23AF643800F51949 /* AutoLaunchHelper */,
			);
		};
/* End PBXProject section */

/* Begin PBXResourcesBuildPhase section */
		03ABBF5C23AF643800F51949 /* Resources */ = {
			isa = PBXResourcesBuildPhase;
			buildActionMask = 2147483647;
			files = (
				03ABBF6523AF643A00F51949 /* Assets.xcassets in Resources */,
				03ABBF6823AF643A00F51949 /* Main.storyboard in Resources */,
			);
			runOnlyForDeploymentPostprocessing = 0;
		};
		03D3A4E823AA2EEA0073BB86 /* Resources */ = {
			isa = PBXResourcesBuildPhase;
			buildActionMask = 2147483647;
			files = (
				03D3A4F223AA2EEB0073BB86 /* Assets.xcassets in Resources */,
				03D3A4F523AA2EEB0073BB86 /* Main.storyboard in Resources */,
			);
			runOnlyForDeploymentPostprocessing = 0;
		};
/* End PBXResourcesBuildPhase section */

/* Begin PBXSourcesBuildPhase section */
		03ABBF5A23AF643800F51949 /* Sources */ = {
			isa = PBXSourcesBuildPhase;
			buildActionMask = 2147483647;
			files = (
				03ABBF6123AF643800F51949 /* AppDelegate.swift in Sources */,
			);
			runOnlyForDeploymentPostprocessing = 0;
		};
		03D3A4E623AA2EEA0073BB86 /* Sources */ = {
			isa = PBXSourcesBuildPhase;
			buildActionMask = 2147483647;
			files = (
				03D3A50223AA488E0073BB86 /* CreateNewDiskViewController.swift in Sources */,
				03A47EBA23AF79C900D9F9A3 /* Int+Helper.swift in Sources */,
				03359F8D23AE94B400C02178 /* String+Helper.swift in Sources */,
				03D3A50023AA443A0073BB86 /* StatusMenu.swift in Sources */,
				03D3A4FE23AA30590073BB86 /* NSApp+Helper.swift in Sources */,
				03D3A4EE23AA2EEA0073BB86 /* AppDelegate.swift in Sources */,
				03359F8B23AE3F9000C02178 /* DiskDetailsViewController.swift in Sources */,
			);
			runOnlyForDeploymentPostprocessing = 0;
		};
/* End PBXSourcesBuildPhase section */

/* Begin PBXVariantGroup section */
		03ABBF6623AF643A00F51949 /* Main.storyboard */ = {
			isa = PBXVariantGroup;
			children = (
				03ABBF6723AF643A00F51949 /* Base */,
			);
			name = Main.storyboard;
			sourceTree = "<group>";
		};
		03D3A4F323AA2EEB0073BB86 /* Main.storyboard */ = {
			isa = PBXVariantGroup;
			children = (
				03D3A4F423AA2EEB0073BB86 /* Base */,
			);
			name = Main.storyboard;
			sourceTree = "<group>";
		};
/* End PBXVariantGroup section */

/* Begin XCBuildConfiguration section */
		03ABBF6C23AF643A00F51949 /* Debug */ = {
			isa = XCBuildConfiguration;
			buildSettings = {
				ASSETCATALOG_COMPILER_APPICON_NAME = AppIcon;
				CLANG_CXX_LANGUAGE_STANDARD = "gnu++0x";
				CLANG_ENABLE_OBJC_WEAK = NO;
				CLANG_WARN_UNGUARDED_AVAILABILITY = YES;
				CODE_SIGN_ENTITLEMENTS = AutoLaunchHelper/AutoLaunchHelper.entitlements;
				CODE_SIGN_IDENTITY = "Mac Developer";
				CODE_SIGN_STYLE = Automatic;
				COMBINE_HIDPI_IMAGES = YES;
				DEVELOPMENT_TEAM = PPF77J63K7;
				ENABLE_HARDENED_RUNTIME = YES;
				GCC_C_LANGUAGE_STANDARD = gnu99;
				INFOPLIST_FILE = AutoLaunchHelper/Info.plist;
				LD_RUNPATH_SEARCH_PATHS = (
					"$(inherited)",
					"@executable_path/../Frameworks",
				);
				MACOSX_DEPLOYMENT_TARGET = 10.12;
				MTL_ENABLE_DEBUG_INFO = YES;
				PRODUCT_BUNDLE_IDENTIFIER = net.stoyanstoyanov.RDisk.AutoLaunchHelper;
				PRODUCT_NAME = "$(TARGET_NAME)";
				SKIP_INSTALL = YES;
				SWIFT_VERSION = 5.0;
			};
			name = Debug;
		};
		03ABBF6D23AF643A00F51949 /* Release */ = {
			isa = XCBuildConfiguration;
			buildSettings = {
				ASSETCATALOG_COMPILER_APPICON_NAME = AppIcon;
				CLANG_CXX_LANGUAGE_STANDARD = "gnu++0x";
				CLANG_ENABLE_OBJC_WEAK = NO;
				CLANG_WARN_UNGUARDED_AVAILABILITY = YES;
				CODE_SIGN_ENTITLEMENTS = AutoLaunchHelper/AutoLaunchHelper.entitlements;
				CODE_SIGN_IDENTITY = "Mac Developer";
				CODE_SIGN_STYLE = Automatic;
				COMBINE_HIDPI_IMAGES = YES;
				DEVELOPMENT_TEAM = PPF77J63K7;
				ENABLE_HARDENED_RUNTIME = YES;
				GCC_C_LANGUAGE_STANDARD = gnu99;
				INFOPLIST_FILE = AutoLaunchHelper/Info.plist;
				LD_RUNPATH_SEARCH_PATHS = (
					"$(inherited)",
					"@executable_path/../Frameworks",
				);
				MACOSX_DEPLOYMENT_TARGET = 10.12;
				PRODUCT_BUNDLE_IDENTIFIER = net.stoyanstoyanov.RDisk.AutoLaunchHelper;
				PRODUCT_NAME = "$(TARGET_NAME)";
				SKIP_INSTALL = YES;
				SWIFT_VERSION = 5.0;
			};
			name = Release;
		};
		03D3A4F823AA2EEB0073BB86 /* Debug */ = {
			isa = XCBuildConfiguration;
			buildSettings = {
				ALWAYS_SEARCH_USER_PATHS = NO;
				CLANG_ANALYZER_NONNULL = YES;
				CLANG_ANALYZER_NUMBER_OBJECT_CONVERSION = YES_AGGRESSIVE;
				CLANG_CXX_LANGUAGE_STANDARD = "gnu++14";
				CLANG_CXX_LIBRARY = "libc++";
				CLANG_ENABLE_MODULES = YES;
				CLANG_ENABLE_OBJC_ARC = YES;
				CLANG_ENABLE_OBJC_WEAK = YES;
				CLANG_WARN_BLOCK_CAPTURE_AUTORELEASING = YES;
				CLANG_WARN_BOOL_CONVERSION = YES;
				CLANG_WARN_COMMA = YES;
				CLANG_WARN_CONSTANT_CONVERSION = YES;
				CLANG_WARN_DEPRECATED_OBJC_IMPLEMENTATIONS = YES;
				CLANG_WARN_DIRECT_OBJC_ISA_USAGE = YES_ERROR;
				CLANG_WARN_DOCUMENTATION_COMMENTS = YES;
				CLANG_WARN_EMPTY_BODY = YES;
				CLANG_WARN_ENUM_CONVERSION = YES;
				CLANG_WARN_INFINITE_RECURSION = YES;
				CLANG_WARN_INT_CONVERSION = YES;
				CLANG_WARN_NON_LITERAL_NULL_CONVERSION = YES;
				CLANG_WARN_OBJC_IMPLICIT_RETAIN_SELF = YES;
				CLANG_WARN_OBJC_LITERAL_CONVERSION = YES;
				CLANG_WARN_OBJC_ROOT_CLASS = YES_ERROR;
				CLANG_WARN_RANGE_LOOP_ANALYSIS = YES;
				CLANG_WARN_STRICT_PROTOTYPES = YES;
				CLANG_WARN_SUSPICIOUS_MOVE = YES;
				CLANG_WARN_UNGUARDED_AVAILABILITY = YES_AGGRESSIVE;
				CLANG_WARN_UNREACHABLE_CODE = YES;
				CLANG_WARN__DUPLICATE_METHOD_MATCH = YES;
				COPY_PHASE_STRIP = NO;
				DEBUG_INFORMATION_FORMAT = dwarf;
				ENABLE_STRICT_OBJC_MSGSEND = YES;
				ENABLE_TESTABILITY = YES;
				GCC_C_LANGUAGE_STANDARD = gnu11;
				GCC_DYNAMIC_NO_PIC = NO;
				GCC_NO_COMMON_BLOCKS = YES;
				GCC_OPTIMIZATION_LEVEL = 0;
				GCC_PREPROCESSOR_DEFINITIONS = (
					"DEBUG=1",
					"$(inherited)",
				);
				GCC_WARN_64_TO_32_BIT_CONVERSION = YES;
				GCC_WARN_ABOUT_RETURN_TYPE = YES_ERROR;
				GCC_WARN_UNDECLARED_SELECTOR = YES;
				GCC_WARN_UNINITIALIZED_AUTOS = YES_AGGRESSIVE;
				GCC_WARN_UNUSED_FUNCTION = YES;
				GCC_WARN_UNUSED_VARIABLE = YES;
				MACOSX_DEPLOYMENT_TARGET = 10.15;
				MTL_ENABLE_DEBUG_INFO = INCLUDE_SOURCE;
				MTL_FAST_MATH = YES;
				ONLY_ACTIVE_ARCH = YES;
				SDKROOT = macosx;
				SWIFT_ACTIVE_COMPILATION_CONDITIONS = DEBUG;
				SWIFT_OPTIMIZATION_LEVEL = "-Onone";
			};
			name = Debug;
		};
		03D3A4F923AA2EEB0073BB86 /* Release */ = {
			isa = XCBuildConfiguration;
			buildSettings = {
				ALWAYS_SEARCH_USER_PATHS = NO;
				CLANG_ANALYZER_NONNULL = YES;
				CLANG_ANALYZER_NUMBER_OBJECT_CONVERSION = YES_AGGRESSIVE;
				CLANG_CXX_LANGUAGE_STANDARD = "gnu++14";
				CLANG_CXX_LIBRARY = "libc++";
				CLANG_ENABLE_MODULES = YES;
				CLANG_ENABLE_OBJC_ARC = YES;
				CLANG_ENABLE_OBJC_WEAK = YES;
				CLANG_WARN_BLOCK_CAPTURE_AUTORELEASING = YES;
				CLANG_WARN_BOOL_CONVERSION = YES;
				CLANG_WARN_COMMA = YES;
				CLANG_WARN_CONSTANT_CONVERSION = YES;
				CLANG_WARN_DEPRECATED_OBJC_IMPLEMENTATIONS = YES;
				CLANG_WARN_DIRECT_OBJC_ISA_USAGE = YES_ERROR;
				CLANG_WARN_DOCUMENTATION_COMMENTS = YES;
				CLANG_WARN_EMPTY_BODY = YES;
				CLANG_WARN_ENUM_CONVERSION = YES;
				CLANG_WARN_INFINITE_RECURSION = YES;
				CLANG_WARN_INT_CONVERSION = YES;
				CLANG_WARN_NON_LITERAL_NULL_CONVERSION = YES;
				CLANG_WARN_OBJC_IMPLICIT_RETAIN_SELF = YES;
				CLANG_WARN_OBJC_LITERAL_CONVERSION = YES;
				CLANG_WARN_OBJC_ROOT_CLASS = YES_ERROR;
				CLANG_WARN_RANGE_LOOP_ANALYSIS = YES;
				CLANG_WARN_STRICT_PROTOTYPES = YES;
				CLANG_WARN_SUSPICIOUS_MOVE = YES;
				CLANG_WARN_UNGUARDED_AVAILABILITY = YES_AGGRESSIVE;
				CLANG_WARN_UNREACHABLE_CODE = YES;
				CLANG_WARN__DUPLICATE_METHOD_MATCH = YES;
				COPY_PHASE_STRIP = NO;
				DEBUG_INFORMATION_FORMAT = "dwarf-with-dsym";
				ENABLE_NS_ASSERTIONS = NO;
				ENABLE_STRICT_OBJC_MSGSEND = YES;
				GCC_C_LANGUAGE_STANDARD = gnu11;
				GCC_NO_COMMON_BLOCKS = YES;
				GCC_WARN_64_TO_32_BIT_CONVERSION = YES;
				GCC_WARN_ABOUT_RETURN_TYPE = YES_ERROR;
				GCC_WARN_UNDECLARED_SELECTOR = YES;
				GCC_WARN_UNINITIALIZED_AUTOS = YES_AGGRESSIVE;
				GCC_WARN_UNUSED_FUNCTION = YES;
				GCC_WARN_UNUSED_VARIABLE = YES;
				MACOSX_DEPLOYMENT_TARGET = 10.15;
				MTL_ENABLE_DEBUG_INFO = NO;
				MTL_FAST_MATH = YES;
				SDKROOT = macosx;
				SWIFT_COMPILATION_MODE = wholemodule;
				SWIFT_OPTIMIZATION_LEVEL = "-O";
			};
			name = Release;
		};
		03D3A4FB23AA2EEB0073BB86 /* Debug */ = {
			isa = XCBuildConfiguration;
			buildSettings = {
				ASSETCATALOG_COMPILER_APPICON_NAME = AppIcon;
				CODE_SIGN_ENTITLEMENTS = "RDisk/Supporting Files/RDisk.entitlements";
				CODE_SIGN_IDENTITY = "Mac Developer";
				CODE_SIGN_STYLE = Automatic;
				COMBINE_HIDPI_IMAGES = YES;
				DEVELOPMENT_TEAM = PPF77J63K7;
				ENABLE_HARDENED_RUNTIME = YES;
				INFOPLIST_FILE = "RDisk/Supporting Files/Info.plist";
				LD_RUNPATH_SEARCH_PATHS = (
					"$(inherited)",
					"@executable_path/../Frameworks",
				);
				PRODUCT_BUNDLE_IDENTIFIER = net.stoyanstoyanov.RDisk;
				PRODUCT_NAME = "$(TARGET_NAME)";
				SWIFT_VERSION = 5.0;
			};
			name = Debug;
		};
		03D3A4FC23AA2EEB0073BB86 /* Release */ = {
			isa = XCBuildConfiguration;
			buildSettings = {
				ASSETCATALOG_COMPILER_APPICON_NAME = AppIcon;
				CODE_SIGN_ENTITLEMENTS = "RDisk/Supporting Files/RDisk.entitlements";
				CODE_SIGN_IDENTITY = "Mac Developer";
				CODE_SIGN_STYLE = Automatic;
				COMBINE_HIDPI_IMAGES = YES;
				DEVELOPMENT_TEAM = PPF77J63K7;
				ENABLE_HARDENED_RUNTIME = YES;
				INFOPLIST_FILE = "RDisk/Supporting Files/Info.plist";
				LD_RUNPATH_SEARCH_PATHS = (
					"$(inherited)",
					"@executable_path/../Frameworks",
				);
				PRODUCT_BUNDLE_IDENTIFIER = net.stoyanstoyanov.RDisk;
				PRODUCT_NAME = "$(TARGET_NAME)";
				SWIFT_VERSION = 5.0;
			};
			name = Release;
		};
/* End XCBuildConfiguration section */

/* Begin XCConfigurationList section */
		03ABBF6B23AF643A00F51949 /* Build configuration list for PBXNativeTarget "AutoLaunchHelper" */ = {
			isa = XCConfigurationList;
			buildConfigurations = (
				03ABBF6C23AF643A00F51949 /* Debug */,
				03ABBF6D23AF643A00F51949 /* Release */,
			);
			defaultConfigurationIsVisible = 0;
			defaultConfigurationName = Release;
		};
		03D3A4E523AA2EEA0073BB86 /* Build configuration list for PBXProject "RDisk" */ = {
			isa = XCConfigurationList;
			buildConfigurations = (
				03D3A4F823AA2EEB0073BB86 /* Debug */,
				03D3A4F923AA2EEB0073BB86 /* Release */,
			);
			defaultConfigurationIsVisible = 0;
			defaultConfigurationName = Release;
		};
		03D3A4FA23AA2EEB0073BB86 /* Build configuration list for PBXNativeTarget "RDisk" */ = {
			isa = XCConfigurationList;
			buildConfigurations = (
				03D3A4FB23AA2EEB0073BB86 /* Debug */,
				03D3A4FC23AA2EEB0073BB86 /* Release */,
			);
			defaultConfigurationIsVisible = 0;
			defaultConfigurationName = Release;
		};
/* End XCConfigurationList section */
	};
	rootObject = 03D3A4E223AA2EEA0073BB86 /* Project object */;
}
