{
  "object": {
    "pins": [
      {
        "package": "DiskMonitor",
        "repositoryURL": "https://github.com/stoqn4opm/DiskMonitor.git",
        "state": {
          "branch": null,
          "revision": "dac397a87a687d087fcc2f45587480562b1cd7e4",
          "version": "1.1.0"
        }
      },
      {
        "package": "DiskUtil",
        "repositoryURL": "https://github.com/stoqn4opm/DiskUtil.git",
        "state": {
          "branch": null,
          "revision": "7f40c340b45b54280f853e7d613b40889296b876",
          "version": "2.0.0"
        }
      }
    ]
  },
  "version": 1
}
