// !$*UTF8*$!
{
	archiveVersion = 1;
	classes = {
	};
	objectVersion = 50;
	objects = {

/* Begin PBXBuildFile section */
		03D3A4EE23AA2EEA0073BB86 /* AppDelegate.swift in Sources */ = {isa = PBXBuildFile; fileRef = 03D3A4ED23AA2EEA0073BB86 /* AppDelegate.swift */; };
		03D3A4F023AA2EEA0073BB86 /* ViewController.swift in Sources */ = {isa = PBXBuildFile; fileRef = 03D3A4EF23AA2EEA0073BB86 /* ViewController.swift */; };
		03D3A4F223AA2EEB0073BB86 /* Assets.xcassets in Resources */ = {isa = PBXBuildFile; fileRef = 03D3A4F123AA2EEB0073BB86 /* Assets.xcassets */; };
		03D3A4F523AA2EEB0073BB86 /* Main.storyboard in Resources */ = {isa = PBXBuildFile; fileRef = 03D3A4F323AA2EEB0073BB86 /* Main.storyboard */; };
/* End PBXBuildFile section */

/* Begin PBXFileReference section */
		03D3A4EA23AA2EEA0073BB86 /* RDisk.app */ = {isa = PBXFileReference; explicitFileType = wrapper.application; includeInIndex = 0; path = RDisk.app; sourceTree = BUILT_PRODUCTS_DIR; };
		03D3A4ED23AA2EEA0073BB86 /* AppDelegate.swift */ = {isa = PBXFileReference; lastKnownFileType = sourcecode.swift; path = AppDelegate.swift; sourceTree = "<group>"; };
		03D3A4EF23AA2EEA0073BB86 /* ViewController.swift */ = {isa = PBXFileReference; lastKnownFileType = sourcecode.swift; path = ViewController.swift; sourceTree = "<group>"; };
		03D3A4F123AA2EEB0073BB86 /* Assets.xcassets */ = {isa = PBXFileReference; lastKnownFileType = folder.assetcatalog; path = Assets.xcassets; sourceTree = "<group>"; };
		03D3A4F423AA2EEB0073BB86 /* Base */ = {isa = PBXFileReference; lastKnownFileType = file.storyboard; name = Base; path = Base.lproj/Main.storyboard; sourceTree = "<group>"; };
		03D3A4F623AA2EEB0073BB86 /* Info.plist */ = {isa = PBXFileReference; lastKnownFileType = text.plist.xml; path = Info.plist; sourceTree = "<group>"; };
		03D3A4F723AA2EEB0073BB86 /* RDisk.entitlements */ = {isa = PBXFileReference; lastKnownFileType = text.plist.entitlements; path = RDisk.entitlements; sourceTree = "<group>"; };
/* End PBXFileReference section */

/* Begin PBXFrameworksBuildPhase section */
		03D3A4E723AA2EEA0073BB86 /* Frameworks */ = {
			isa = PBXFrameworksBuildPhase;
			buildActionMask = 2147483647;
			files = (
			);
			runOnlyForDeploymentPostprocessing = 0;
		};
/* End PBXFrameworksBuildPhase section */

/* Begin PBXGroup section */
		03D3A4E123AA2EEA0073BB86 = {
			isa = PBXGroup;
			children = (
				03D3A4EC23AA2EEA0073BB86 /* RDisk */,
				03D3A4EB23AA2EEA0073BB86 /* Products */,
			);
			sourceTree = "<group>";
		};
		03D3A4EB23AA2EEA0073BB86 /* Products */ = {
			isa = PBXGroup;
			children = (
				03D3A4EA23AA2EEA0073BB86 /* RDisk.app */,
			);
			name = Products;
			sourceTree = "<group>";
		};
		03D3A4EC23AA2EEA0073BB86 /* RDisk */ = {
			isa = PBXGroup;
			children = (
				03D3A4ED23AA2EEA0073BB86 /* AppDelegate.swift */,
				03D3A4EF23AA2EEA0073BB86 /* ViewController.swift */,
				03D3A4F123AA2EEB0073BB86 /* Assets.xcassets */,
				03D3A4F323AA2EEB0073BB86 /* Main.storyboard */,
				03D3A4F623AA2EEB0073BB86 /* Info.plist */,
				03D3A4F723AA2EEB0073BB86 /* RDisk.entitlements */,
			);
			path = RDisk;
			sourceTree = "<group>";
		};
/* End PBXGroup section */

/* Begin PBXNativeTarget section */
		03D3A4E923AA2EEA0073BB86 /* RDisk */ = {
			isa = PBXNativeTarget;
			buildConfigurationList = 03D3A4FA23AA2EEB0073BB86 /* Build configuration list for PBXNativeTarget "RDisk" */;
			buildPhases = (
				03D3A4E623AA2EEA0073BB86 /* Sources */,
				03D3A4E723AA2EEA0073BB86 /* Frameworks */,
				03D3A4E823AA2EEA0073BB86 /* Resources */,
			);
			buildRules = (
			);
			dependencies = (
			);
			name = RDisk;
			productName = RDisk;
			productReference = 03D3A4EA23AA2EEA0073BB86 /* RDisk.app */;
			productType = "com.apple.product-type.application";
		};
/* End PBXNativeTarget section */

/* Begin PBXProject section */
		03D3A4E223AA2EEA0073BB86 /* Project object */ = {
			isa = PBXProject;
			attributes = {
				LastSwiftUpdateCheck = 1130;
				LastUpgradeCheck = 1130;
				ORGANIZATIONNAME = "Stoyan Stoyanov";
				TargetAttributes = {
					03D3A4E923AA2EEA0073BB86 = {
						CreatedOnToolsVersion = 11.3;
					};
				};
			};
			buildConfigurationList = 03D3A4E523AA2EEA0073BB86 /* Build configuration list for PBXProject "RDisk" */;
			compatibilityVersion = "Xcode 9.3";
			developmentRegion = en;
			hasScannedForEncodings = 0;
			knownRegions = (
				en,
				Base,
			);
			mainGroup = 03D3A4E123AA2EEA0073BB86;
			productRefGroup = 03D3A4EB23AA2EEA0073BB86 /* Products */;
			projectDirPath = "";
			projectRoot = "";
			targets = (
				03D3A4E923AA2EEA0073BB86 /* RDisk */,
			);
		};
/* End PBXProject section */

/* Begin PBXResourcesBuildPhase section */
		03D3A4E823AA2EEA0073BB86 /* Resources */ = {
			isa = PBXResourcesBuildPhase;
			buildActionMask = 2147483647;
			files = (
				03D3A4F223AA2EEB0073BB86 /* Assets.xcassets in Resources */,
				03D3A4F523AA2EEB0073BB86 /* Main.storyboard in Resources */,
			);
			runOnlyForDeploymentPostprocessing = 0;
		};
/* End PBXResourcesBuildPhase section */

/* Begin PBXSourcesBuildPhase section */
		03D3A4E623AA2EEA0073BB86 /* Sources */ = {
			isa = PBXSourcesBuildPhase;
			buildActionMask = 2147483647;
			files = (
				03D3A4F023AA2EEA0073BB86 /* ViewController.swift in Sources */,
				03D3A4EE23AA2EEA0073BB86 /* AppDelegate.swift in Sources */,
			);
			runOnlyForDeploymentPostprocessing = 0;
		};
/* End PBXSourcesBuildPhase section */

/* Begin PBXVariantGroup section */
		03D3A4F323AA2EEB0073BB86 /* Main.storyboard */ = {
			isa = PBXVariantGroup;
			children = (
				03D3A4F423AA2EEB0073BB86 /* Base */,
			);
			name = Main.storyboard;
			sourceTree = "<group>";
		};
/* End PBXVariantGroup section */

/* Begin XCBuildConfiguration section */
		03D3A4F823AA2EEB0073BB86 /* Debug */ = {
			isa = XCBuildConfiguration;
			buildSettings = {
				ALWAYS_SEARCH_USER_PATHS = NO;
				CLANG_ANALYZER_NONNULL = YES;
				CLANG_ANALYZER_NUMBER_OBJECT_CONVERSION = YES_AGGRESSIVE;
				CLANG_CXX_LANGUAGE_STANDARD = "gnu++14";
				CLANG_CXX_LIBRARY = "libc++";
				CLANG_ENABLE_MODULES = YES;
				CLANG_ENABLE_OBJC_ARC = YES;
				CLANG_ENABLE_OBJC_WEAK = YES;
				CLANG_WARN_BLOCK_CAPTURE_AUTORELEASING = YES;
				CLANG_WARN_BOOL_CONVERSION = YES;
				CLANG_WARN_COMMA = YES;
				CLANG_WARN_CONSTANT_CONVERSION = YES;
				CLANG_WARN_DEPRECATED_OBJC_IMPLEMENTATIONS = YES;
				CLANG_WARN_DIRECT_OBJC_ISA_USAGE = YES_ERROR;
				CLANG_WARN_DOCUMENTATION_COMMENTS = YES;
				CLANG_WARN_EMPTY_BODY = YES;
				CLANG_WARN_ENUM_CONVERSION = YES;
				CLANG_WARN_INFINITE_RECURSION = YES;
				CLANG_WARN_INT_CONVERSION = YES;
				CLANG_WARN_NON_LITERAL_NULL_CONVERSION = YES;
				CLANG_WARN_OBJC_IMPLICIT_RETAIN_SELF = YES;
				CLANG_WARN_OBJC_LITERAL_CONVERSION = YES;
				CLANG_WARN_OBJC_ROOT_CLASS = YES_ERROR;
				CLANG_WARN_RANGE_LOOP_ANALYSIS = YES;
				CLANG_WARN_STRICT_PROTOTYPES = YES;
				CLANG_WARN_SUSPICIOUS_MOVE = YES;
				CLANG_WARN_UNGUARDED_AVAILABILITY = YES_AGGRESSIVE;
				CLANG_WARN_UNREACHABLE_CODE = YES;
				CLANG_WARN__DUPLICATE_METHOD_MATCH = YES;
				COPY_PHASE_STRIP = NO;
				DEBUG_INFORMATION_FORMAT = dwarf;
				ENABLE_STRICT_OBJC_MSGSEND = YES;
				ENABLE_TESTABILITY = YES;
				GCC_C_LANGUAGE_STANDARD = gnu11;
				GCC_DYNAMIC_NO_PIC = NO;
				GCC_NO_COMMON_BLOCKS = YES;
				GCC_OPTIMIZATION_LEVEL = 0;
				GCC_PREPROCESSOR_DEFINITIONS = (
					"DEBUG=1",
					"$(inherited)",
				);
				GCC_WARN_64_TO_32_BIT_CONVERSION = YES;
				GCC_WARN_ABOUT_RETURN_TYPE = YES_ERROR;
				GCC_WARN_UNDECLARED_SELECTOR = YES;
				GCC_WARN_UNINITIALIZED_AUTOS = YES_AGGRESSIVE;
				GCC_WARN_UNUSED_FUNCTION = YES;
				GCC_WARN_UNUSED_VARIABLE = YES;
				MACOSX_DEPLOYMENT_TARGET = 10.15;
				MTL_ENABLE_DEBUG_INFO = INCLUDE_SOURCE;
				MTL_FAST_MATH = YES;
				ONLY_ACTIVE_ARCH = YES;
				SDKROOT = macosx;
				SWIFT_ACTIVE_COMPILATION_CONDITIONS = DEBUG;
				SWIFT_OPTIMIZATION_LEVEL = "-Onone";
			};
			name = Debug;
		};
		03D3A4F923AA2EEB0073BB86 /* Release */ = {
			isa = XCBuildConfiguration;
			buildSettings = {
				ALWAYS_SEARCH_USER_PATHS = NO;
				CLANG_ANALYZER_NONNULL = YES;
				CLANG_ANALYZER_NUMBER_OBJECT_CONVERSION = YES_AGGRESSIVE;
				CLANG_CXX_LANGUAGE_STANDARD = "gnu++14";
				CLANG_CXX_LIBRARY = "libc++";
				CLANG_ENABLE_MODULES = YES;
				CLANG_ENABLE_OBJC_ARC = YES;
				CLANG_ENABLE_OBJC_WEAK = YES;
				CLANG_WARN_BLOCK_CAPTURE_AUTORELEASING = YES;
				CLANG_WARN_BOOL_CONVERSION = YES;
				CLANG_WARN_COMMA = YES;
				CLANG_WARN_CONSTANT_CONVERSION = YES;
				CLANG_WARN_DEPRECATED_OBJC_IMPLEMENTATIONS = YES;
				CLANG_WARN_DIRECT_OBJC_ISA_USAGE = YES_ERROR;
				CLANG_WARN_DOCUMENTATION_COMMENTS = YES;
				CLANG_WARN_EMPTY_BODY = YES;
				CLANG_WARN_ENUM_CONVERSION = YES;
				CLANG_WARN_INFINITE_RECURSION = YES;
				CLANG_WARN_INT_CONVERSION = YES;
				CLANG_WARN_NON_LITERAL_NULL_CONVERSION = YES;
				CLANG_WARN_OBJC_IMPLICIT_RETAIN_SELF = YES;
				CLANG_WARN_OBJC_LITERAL_CONVERSION = YES;
				CLANG_WARN_OBJC_ROOT_CLASS = YES_ERROR;
				CLANG_WARN_RANGE_LOOP_ANALYSIS = YES;
				CLANG_WARN_STRICT_PROTOTYPES = YES;
				CLANG_WARN_SUSPICIOUS_MOVE = YES;
				CLANG_WARN_UNGUARDED_AVAILABILITY = YES_AGGRESSIVE;
				CLANG_WARN_UNREACHABLE_CODE = YES;
				CLANG_WARN__DUPLICATE_METHOD_MATCH = YES;
				COPY_PHASE_STRIP = NO;
				DEBUG_INFORMATION_FORMAT = "dwarf-with-dsym";
				ENABLE_NS_ASSERTIONS = NO;
				ENABLE_STRICT_OBJC_MSGSEND = YES;
				GCC_C_LANGUAGE_STANDARD = gnu11;
				GCC_NO_COMMON_BLOCKS = YES;
				GCC_WARN_64_TO_32_BIT_CONVERSION = YES;
				GCC_WARN_ABOUT_RETURN_TYPE = YES_ERROR;
				GCC_WARN_UNDECLARED_SELECTOR = YES;
				GCC_WARN_UNINITIALIZED_AUTOS = YES_AGGRESSIVE;
				GCC_WARN_UNUSED_FUNCTION = YES;
				GCC_WARN_UNUSED_VARIABLE = YES;
				MACOSX_DEPLOYMENT_TARGET = 10.15;
				MTL_ENABLE_DEBUG_INFO = NO;
				MTL_FAST_MATH = YES;
				SDKROOT = macosx;
				SWIFT_COMPILATION_MODE = wholemodule;
				SWIFT_OPTIMIZATION_LEVEL = "-O";
			};
			name = Release;
		};
		03D3A4FB23AA2EEB0073BB86 /* Debug */ = {
			isa = XCBuildConfiguration;
			buildSettings = {
				ASSETCATALOG_COMPILER_APPICON_NAME = AppIcon;
				CODE_SIGN_ENTITLEMENTS = RDisk/RDisk.entitlements;
				CODE_SIGN_STYLE = Automatic;
				COMBINE_HIDPI_IMAGES = YES;
				DEVELOPMENT_TEAM = PPF77J63K7;
				ENABLE_HARDENED_RUNTIME = YES;
				INFOPLIST_FILE = RDisk/Info.plist;
				LD_RUNPATH_SEARCH_PATHS = (
					"$(inherited)",
					"@executable_path/../Frameworks",
				);
				PRODUCT_BUNDLE_IDENTIFIER = net.stoyanstoyanov.RDisk;
				PRODUCT_NAME = "$(TARGET_NAME)";
				SWIFT_VERSION = 5.0;
			};
			name = Debug;
		};
		03D3A4FC23AA2EEB0073BB86 /* Release */ = {
			isa = XCBuildConfiguration;
			buildSettings = {
				ASSETCATALOG_COMPILER_APPICON_NAME = AppIcon;
				CODE_SIGN_ENTITLEMENTS = RDisk/RDisk.entitlements;
				CODE_SIGN_STYLE = Automatic;
				COMBINE_HIDPI_IMAGES = YES;
				DEVELOPMENT_TEAM = PPF77J63K7;
				ENABLE_HARDENED_RUNTIME = YES;
				INFOPLIST_FILE = RDisk/Info.plist;
				LD_RUNPATH_SEARCH_PATHS = (
					"$(inherited)",
					"@executable_path/../Frameworks",
				);
				PRODUCT_BUNDLE_IDENTIFIER = net.stoyanstoyanov.RDisk;
				PRODUCT_NAME = "$(TARGET_NAME)";
				SWIFT_VERSION = 5.0;
			};
			name = Release;
		};
/* End XCBuildConfiguration section */

/* Begin XCConfigurationList section */
		03D3A4E523AA2EEA0073BB86 /* Build configuration list for PBXProject "RDisk" */ = {
			isa = XCConfigurationList;
			buildConfigurations = (
				03D3A4F823AA2EEB0073BB86 /* Debug */,
				03D3A4F923AA2EEB0073BB86 /* Release */,
			);
			defaultConfigurationIsVisible = 0;
			defaultConfigurationName = Release;
		};
		03D3A4FA23AA2EEB0073BB86 /* Build configuration list for PBXNativeTarget "RDisk" */ = {
			isa = XCConfigurationList;
			buildConfigurations = (
				03D3A4FB23AA2EEB0073BB86 /* Debug */,
				03D3A4FC23AA2EEB0073BB86 /* Release */,
			);
			defaultConfigurationIsVisible = 0;
			defaultConfigurationName = Release;
		};
/* End XCConfigurationList section */
	};
	rootObject = 03D3A4E223AA2EEA0073BB86 /* Project object */;
}
